// !$*UTF8*$!
{
	archiveVersion = 1;
	classes = {
	};
	objectVersion = 48;
	objects = {

/* Begin PBXBuildFile section */
		5673A8B21F73FD5900E8B73C /* TTTBackendClient.swift in Sources */ = {isa = PBXBuildFile; fileRef = 5673A8B11F73FD5900E8B73C /* TTTBackendClient.swift */; };
		569744D11F72DCB10001E7BA /* Assets.xcassets in Resources */ = {isa = PBXBuildFile; fileRef = 56F6DAE51D7219EB0007E476 /* Assets.xcassets */; };
		56AA27541F7403DF004CC6D4 /* TTTNetworkManager.swift in Sources */ = {isa = PBXBuildFile; fileRef = 5673A8B31F73FD9100E8B73C /* TTTNetworkManager.swift */; };
		56AA27761F740B40004CC6D4 /* TTTNotificationObserver.swift in Sources */ = {isa = PBXBuildFile; fileRef = 56AA27751F740AD6004CC6D4 /* TTTNotificationObserver.swift */; };
		56AA27791F741161004CC6D4 /* TicTacToe.xcdatamodeld in Sources */ = {isa = PBXBuildFile; fileRef = 56AA27771F741161004CC6D4 /* TicTacToe.xcdatamodeld */; };
		56AA27811F74135D004CC6D4 /* TTTCoreDataStack.swift in Sources */ = {isa = PBXBuildFile; fileRef = 56AA277E1F7412C6004CC6D4 /* TTTCoreDataStack.swift */; };
		56AA27851F7415A3004CC6D4 /* CoreData.framework in Frameworks */ = {isa = PBXBuildFile; fileRef = 56AA27841F7415A3004CC6D4 /* CoreData.framework */; };
		56AA27901F741908004CC6D4 /* TTTHighscore+CoreDataClass.swift in Sources */ = {isa = PBXBuildFile; fileRef = 56AA278E1F741908004CC6D4 /* TTTHighscore+CoreDataClass.swift */; };
		56AA27911F741908004CC6D4 /* TTTHighscore+CoreDataProperties.swift in Sources */ = {isa = PBXBuildFile; fileRef = 56AA278F1F741908004CC6D4 /* TTTHighscore+CoreDataProperties.swift */; };
		56F6DADF1D7219EB0007E476 /* TTTAppDelegate.swift in Sources */ = {isa = PBXBuildFile; fileRef = 56F6DADE1D7219EB0007E476 /* TTTAppDelegate.swift */; };
		56F6DAE11D7219EB0007E476 /* TTTBoardController.swift in Sources */ = {isa = PBXBuildFile; fileRef = 56F6DAE01D7219EB0007E476 /* TTTBoardController.swift */; };
		56F6DAE41D7219EB0007E476 /* Main.storyboard in Resources */ = {isa = PBXBuildFile; fileRef = 56F6DAE21D7219EB0007E476 /* Main.storyboard */; };
		56F6DAF11D721AA50007E476 /* TTTBoard.swift in Sources */ = {isa = PBXBuildFile; fileRef = 56F6DAF01D721AA50007E476 /* TTTBoard.swift */; };
		56F6DAF31D721B5B0007E476 /* TTTCell.swift in Sources */ = {isa = PBXBuildFile; fileRef = 56F6DAF21D721B5B0007E476 /* TTTCell.swift */; };
		56F6DAF51D7309D90007E476 /* TTTBoardConfig.swift in Sources */ = {isa = PBXBuildFile; fileRef = 56F6DAF41D7309D90007E476 /* TTTBoardConfig.swift */; };
		56F6DB031D735DD00007E476 /* Localizable.strings in Resources */ = {isa = PBXBuildFile; fileRef = 56F6DB011D735DD00007E476 /* Localizable.strings */; };
		56FABCD61EB74EC900FC871A /* Interface.storyboard in Resources */ = {isa = PBXBuildFile; fileRef = 56FABCD41EB74EC900FC871A /* Interface.storyboard */; };
		56FABCDF1EB74EC900FC871A /* TicTacToeWatch Extension.appex in Embed App Extensions */ = {isa = PBXBuildFile; fileRef = 56FABCDE1EB74EC900FC871A /* TicTacToeWatch Extension.appex */; settings = {ATTRIBUTES = (RemoveHeadersOnCopy, ); }; };
		56FABCE61EB74EC900FC871A /* TTTInterfaceController.swift in Sources */ = {isa = PBXBuildFile; fileRef = 56FABCE51EB74EC900FC871A /* TTTInterfaceController.swift */; };
		56FABCE81EB74EC900FC871A /* TTTExtensionDelegate.swift in Sources */ = {isa = PBXBuildFile; fileRef = 56FABCE71EB74EC900FC871A /* TTTExtensionDelegate.swift */; };
		56FABCEA1EB74EC900FC871A /* TTTNotificationController.swift in Sources */ = {isa = PBXBuildFile; fileRef = 56FABCE91EB74EC900FC871A /* TTTNotificationController.swift */; };
		56FABCEC1EB74EC900FC871A /* Assets.xcassets in Resources */ = {isa = PBXBuildFile; fileRef = 56FABCEB1EB74EC900FC871A /* Assets.xcassets */; };
		56FABCF01EB74EC900FC871A /* TicTacToeWatch.app in Embed Watch Content */ = {isa = PBXBuildFile; fileRef = 56FABCD21EB74EC800FC871A /* TicTacToeWatch.app */; };
		56FABCFA1EB74F4700FC871A /* TTTBoardConfig.swift in Sources */ = {isa = PBXBuildFile; fileRef = 56F6DAF41D7309D90007E476 /* TTTBoardConfig.swift */; };
		56FABCFC1EB751E900FC871A /* TTTWatchBoard.swift in Sources */ = {isa = PBXBuildFile; fileRef = 56FABCFB1EB751E900FC871A /* TTTWatchBoard.swift */; };
		56FABCFE1EB7663900FC871A /* TTTWatchCell.swift in Sources */ = {isa = PBXBuildFile; fileRef = 56FABCFD1EB7663900FC871A /* TTTWatchCell.swift */; };
		56FABCFF1EB7A43A00FC871A /* Assets.xcassets in Resources */ = {isa = PBXBuildFile; fileRef = 56F6DAE51D7219EB0007E476 /* Assets.xcassets */; };
		56FABD021EB7A7FE00FC871A /* TTTGameOverController.swift in Sources */ = {isa = PBXBuildFile; fileRef = 56FABD011EB7A7FE00FC871A /* TTTGameOverController.swift */; };
/* End PBXBuildFile section */

/* Begin PBXContainerItemProxy section */
		5673A8701F72DE1600E8B73C /* PBXContainerItemProxy */ = {
			isa = PBXContainerItemProxy;
			containerPortal = 5673A8511F72DE1500E8B73C /* highscoreserver.xcodeproj */;
			proxyType = 2;
			remoteGlobalIDString = "highscoreserver::highscoreserver::Product";
			remoteInfo = highscoreserver;
		};
		5673A8721F72DE1600E8B73C /* PBXContainerItemProxy */ = {
			isa = PBXContainerItemProxy;
			containerPortal = 5673A8511F72DE1500E8B73C /* highscoreserver.xcodeproj */;
			proxyType = 2;
			remoteGlobalIDString = "KituraStencil::KituraStencil::Product";
			remoteInfo = KituraStencil;
		};
		5673A8741F72DE1600E8B73C /* PBXContainerItemProxy */ = {
			isa = PBXContainerItemProxy;
			containerPortal = 5673A8511F72DE1500E8B73C /* highscoreserver.xcodeproj */;
			proxyType = 2;
			remoteGlobalIDString = "Stencil::Stencil::Product";
			remoteInfo = Stencil;
		};
		5673A8761F72DE1600E8B73C /* PBXContainerItemProxy */ = {
			isa = PBXContainerItemProxy;
			containerPortal = 5673A8511F72DE1500E8B73C /* highscoreserver.xcodeproj */;
			proxyType = 2;
			remoteGlobalIDString = "PathKit::PathKit::Product";
			remoteInfo = PathKit;
		};
		5673A8781F72DE1600E8B73C /* PBXContainerItemProxy */ = {
			isa = PBXContainerItemProxy;
			containerPortal = 5673A8511F72DE1500E8B73C /* highscoreserver.xcodeproj */;
			proxyType = 2;
			remoteGlobalIDString = "Spectre::Spectre::Product";
			remoteInfo = Spectre;
		};
		5673A87A1F72DE1600E8B73C /* PBXContainerItemProxy */ = {
			isa = PBXContainerItemProxy;
			containerPortal = 5673A8511F72DE1500E8B73C /* highscoreserver.xcodeproj */;
			proxyType = 2;
			remoteGlobalIDString = "HeliumLogger::HeliumLogger::Product";
			remoteInfo = HeliumLogger;
		};
		5673A87C1F72DE1600E8B73C /* PBXContainerItemProxy */ = {
			isa = PBXContainerItemProxy;
			containerPortal = 5673A8511F72DE1500E8B73C /* highscoreserver.xcodeproj */;
			proxyType = 2;
			remoteGlobalIDString = "Kitura::Kitura::Product";
			remoteInfo = Kitura;
		};
		5673A87E1F72DE1600E8B73C /* PBXContainerItemProxy */ = {
			isa = PBXContainerItemProxy;
			containerPortal = 5673A8511F72DE1500E8B73C /* highscoreserver.xcodeproj */;
			proxyType = 2;
			remoteGlobalIDString = "Kitura-TemplateEngine::KituraTemplateEngine::Product";
			remoteInfo = KituraTemplateEngine;
		};
		5673A8801F72DE1600E8B73C /* PBXContainerItemProxy */ = {
			isa = PBXContainerItemProxy;
			containerPortal = 5673A8511F72DE1500E8B73C /* highscoreserver.xcodeproj */;
			proxyType = 2;
			remoteGlobalIDString = "SwiftyJSON::SwiftyJSON::Product";
			remoteInfo = SwiftyJSON;
		};
		5673A8821F72DE1600E8B73C /* PBXContainerItemProxy */ = {
			isa = PBXContainerItemProxy;
			containerPortal = 5673A8511F72DE1500E8B73C /* highscoreserver.xcodeproj */;
			proxyType = 2;
			remoteGlobalIDString = "Kitura-net::KituraNet::Product";
			remoteInfo = KituraNet;
		};
		5673A8841F72DE1600E8B73C /* PBXContainerItemProxy */ = {
			isa = PBXContainerItemProxy;
			containerPortal = 5673A8511F72DE1500E8B73C /* highscoreserver.xcodeproj */;
			proxyType = 2;
			remoteGlobalIDString = "SSLService::SSLService::Product";
			remoteInfo = SSLService;
		};
		5673A8861F72DE1600E8B73C /* PBXContainerItemProxy */ = {
			isa = PBXContainerItemProxy;
			containerPortal = 5673A8511F72DE1500E8B73C /* highscoreserver.xcodeproj */;
			proxyType = 2;
			remoteGlobalIDString = "Socket::Socket::Product";
			remoteInfo = Socket;
		};
		5673A8881F72DE1600E8B73C /* PBXContainerItemProxy */ = {
			isa = PBXContainerItemProxy;
			containerPortal = 5673A8511F72DE1500E8B73C /* highscoreserver.xcodeproj */;
			proxyType = 2;
			remoteGlobalIDString = "LoggerAPI::LoggerAPI::Product";
			remoteInfo = LoggerAPI;
		};
		5673A88A1F72DE1600E8B73C /* PBXContainerItemProxy */ = {
			isa = PBXContainerItemProxy;
			containerPortal = 5673A8511F72DE1500E8B73C /* highscoreserver.xcodeproj */;
			proxyType = 2;
			remoteGlobalIDString = "Kitura-net::CHTTPParser::Product";
			remoteInfo = CHTTPParser;
		};
		5673A8AD1F72DEB000E8B73C /* PBXContainerItemProxy */ = {
			isa = PBXContainerItemProxy;
			containerPortal = 5673A8511F72DE1500E8B73C /* highscoreserver.xcodeproj */;
			proxyType = 1;
			remoteGlobalIDString = "highscoreserver::highscoreserver";
			remoteInfo = highscoreserver;
		};
		56FABCE01EB74EC900FC871A /* PBXContainerItemProxy */ = {
			isa = PBXContainerItemProxy;
			containerPortal = 56F6DAD31D7219EB0007E476 /* Project object */;
			proxyType = 1;
			remoteGlobalIDString = 56FABCDD1EB74EC900FC871A;
			remoteInfo = "TicTacToeWatch Extension";
		};
		56FABCEE1EB74EC900FC871A /* PBXContainerItemProxy */ = {
			isa = PBXContainerItemProxy;
			containerPortal = 56F6DAD31D7219EB0007E476 /* Project object */;
			proxyType = 1;
			remoteGlobalIDString = 56FABCD11EB74EC800FC871A;
			remoteInfo = TicTacToeWatch;
		};
/* End PBXContainerItemProxy section */

/* Begin PBXCopyFilesBuildPhase section */
		56FABCF61EB74EC900FC871A /* Embed App Extensions */ = {
			isa = PBXCopyFilesBuildPhase;
			buildActionMask = 2147483647;
			dstPath = "";
			dstSubfolderSpec = 13;
			files = (
				56FABCDF1EB74EC900FC871A /* TicTacToeWatch Extension.appex in Embed App Extensions */,
			);
			name = "Embed App Extensions";
			runOnlyForDeploymentPostprocessing = 0;
		};
		56FABCF81EB74EC900FC871A /* Embed Watch Content */ = {
			isa = PBXCopyFilesBuildPhase;
			buildActionMask = 2147483647;
			dstPath = "$(CONTENTS_FOLDER_PATH)/Watch";
			dstSubfolderSpec = 16;
			files = (
				56FABCF01EB74EC900FC871A /* TicTacToeWatch.app in Embed Watch Content */,
			);
			name = "Embed Watch Content";
			runOnlyForDeploymentPostprocessing = 0;
		};
/* End PBXCopyFilesBuildPhase section */

/* Begin PBXFileReference section */
		5673A8511F72DE1500E8B73C /* highscoreserver.xcodeproj */ = {isa = PBXFileReference; lastKnownFileType = "wrapper.pb-project"; name = highscoreserver.xcodeproj; path = ../highscoreserver/highscoreserver.xcodeproj; sourceTree = "<group>"; };
		5673A8B11F73FD5900E8B73C /* TTTBackendClient.swift */ = {isa = PBXFileReference; lastKnownFileType = sourcecode.swift; path = TTTBackendClient.swift; sourceTree = "<group>"; };
		5673A8B31F73FD9100E8B73C /* TTTNetworkManager.swift */ = {isa = PBXFileReference; lastKnownFileType = sourcecode.swift; path = TTTNetworkManager.swift; sourceTree = "<group>"; };
		56AA27751F740AD6004CC6D4 /* TTTNotificationObserver.swift */ = {isa = PBXFileReference; lastKnownFileType = sourcecode.swift; path = TTTNotificationObserver.swift; sourceTree = "<group>"; };
		56AA27781F741161004CC6D4 /* TicTacToe.xcdatamodel */ = {isa = PBXFileReference; lastKnownFileType = wrapper.xcdatamodel; path = TicTacToe.xcdatamodel; sourceTree = "<group>"; };
		56AA277E1F7412C6004CC6D4 /* TTTCoreDataStack.swift */ = {isa = PBXFileReference; lastKnownFileType = sourcecode.swift; path = TTTCoreDataStack.swift; sourceTree = "<group>"; };
		56AA27841F7415A3004CC6D4 /* CoreData.framework */ = {isa = PBXFileReference; lastKnownFileType = wrapper.framework; name = CoreData.framework; path = System/Library/Frameworks/CoreData.framework; sourceTree = SDKROOT; };
		56AA278E1F741908004CC6D4 /* TTTHighscore+CoreDataClass.swift */ = {isa = PBXFileReference; lastKnownFileType = sourcecode.swift; path = "TTTHighscore+CoreDataClass.swift"; sourceTree = "<group>"; };
		56AA278F1F741908004CC6D4 /* TTTHighscore+CoreDataProperties.swift */ = {isa = PBXFileReference; lastKnownFileType = sourcecode.swift; path = "TTTHighscore+CoreDataProperties.swift"; sourceTree = "<group>"; };
		56F6DADB1D7219EB0007E476 /* TicTacToe.app */ = {isa = PBXFileReference; explicitFileType = wrapper.application; includeInIndex = 0; path = TicTacToe.app; sourceTree = BUILT_PRODUCTS_DIR; };
		56F6DADE1D7219EB0007E476 /* TTTAppDelegate.swift */ = {isa = PBXFileReference; lastKnownFileType = sourcecode.swift; path = TTTAppDelegate.swift; sourceTree = "<group>"; };
		56F6DAE01D7219EB0007E476 /* TTTBoardController.swift */ = {isa = PBXFileReference; lastKnownFileType = sourcecode.swift; path = TTTBoardController.swift; sourceTree = "<group>"; };
		56F6DAE31D7219EB0007E476 /* Base */ = {isa = PBXFileReference; lastKnownFileType = file.storyboard; name = Base; path = Base.lproj/Main.storyboard; sourceTree = "<group>"; };
		56F6DAE51D7219EB0007E476 /* Assets.xcassets */ = {isa = PBXFileReference; lastKnownFileType = folder.assetcatalog; name = Assets.xcassets; path = TicTacToe/Assets.xcassets; sourceTree = SOURCE_ROOT; };
		56F6DAEA1D7219EB0007E476 /* Info.plist */ = {isa = PBXFileReference; lastKnownFileType = text.plist.xml; path = Info.plist; sourceTree = "<group>"; };
		56F6DAF01D721AA50007E476 /* TTTBoard.swift */ = {isa = PBXFileReference; fileEncoding = 4; lastKnownFileType = sourcecode.swift; path = TTTBoard.swift; sourceTree = "<group>"; };
		56F6DAF21D721B5B0007E476 /* TTTCell.swift */ = {isa = PBXFileReference; fileEncoding = 4; lastKnownFileType = sourcecode.swift; path = TTTCell.swift; sourceTree = "<group>"; };
		56F6DAF41D7309D90007E476 /* TTTBoardConfig.swift */ = {isa = PBXFileReference; fileEncoding = 4; lastKnownFileType = sourcecode.swift; path = TTTBoardConfig.swift; sourceTree = "<group>"; };
		56F6DB021D735DD00007E476 /* en */ = {isa = PBXFileReference; lastKnownFileType = text.plist.strings; name = en; path = Localizable.strings; sourceTree = "<group>"; };
		56FABCD21EB74EC800FC871A /* TicTacToeWatch.app */ = {isa = PBXFileReference; explicitFileType = wrapper.application; includeInIndex = 0; path = TicTacToeWatch.app; sourceTree = BUILT_PRODUCTS_DIR; };
		56FABCD51EB74EC900FC871A /* Base */ = {isa = PBXFileReference; lastKnownFileType = file.storyboard; name = Base; path = Base.lproj/Interface.storyboard; sourceTree = "<group>"; };
		56FABCD91EB74EC900FC871A /* Info.plist */ = {isa = PBXFileReference; lastKnownFileType = text.plist.xml; path = Info.plist; sourceTree = "<group>"; };
		56FABCDE1EB74EC900FC871A /* TicTacToeWatch Extension.appex */ = {isa = PBXFileReference; explicitFileType = "wrapper.app-extension"; includeInIndex = 0; path = "TicTacToeWatch Extension.appex"; sourceTree = BUILT_PRODUCTS_DIR; };
		56FABCE41EB74EC900FC871A /* PushNotificationPayload.apns */ = {isa = PBXFileReference; lastKnownFileType = text; path = PushNotificationPayload.apns; sourceTree = "<group>"; };
		56FABCE51EB74EC900FC871A /* TTTInterfaceController.swift */ = {isa = PBXFileReference; lastKnownFileType = sourcecode.swift; path = TTTInterfaceController.swift; sourceTree = "<group>"; };
		56FABCE71EB74EC900FC871A /* TTTExtensionDelegate.swift */ = {isa = PBXFileReference; lastKnownFileType = sourcecode.swift; path = TTTExtensionDelegate.swift; sourceTree = "<group>"; };
		56FABCE91EB74EC900FC871A /* TTTNotificationController.swift */ = {isa = PBXFileReference; lastKnownFileType = sourcecode.swift; path = TTTNotificationController.swift; sourceTree = "<group>"; };
		56FABCEB1EB74EC900FC871A /* Assets.xcassets */ = {isa = PBXFileReference; lastKnownFileType = folder.assetcatalog; path = Assets.xcassets; sourceTree = "<group>"; };
		56FABCED1EB74EC900FC871A /* Info.plist */ = {isa = PBXFileReference; lastKnownFileType = text.plist.xml; path = Info.plist; sourceTree = "<group>"; };
		56FABCFB1EB751E900FC871A /* TTTWatchBoard.swift */ = {isa = PBXFileReference; fileEncoding = 4; lastKnownFileType = sourcecode.swift; path = TTTWatchBoard.swift; sourceTree = "<group>"; };
		56FABCFD1EB7663900FC871A /* TTTWatchCell.swift */ = {isa = PBXFileReference; fileEncoding = 4; lastKnownFileType = sourcecode.swift; path = TTTWatchCell.swift; sourceTree = "<group>"; };
		56FABD011EB7A7FE00FC871A /* TTTGameOverController.swift */ = {isa = PBXFileReference; fileEncoding = 4; lastKnownFileType = sourcecode.swift; path = TTTGameOverController.swift; sourceTree = "<group>"; };
/* End PBXFileReference section */

/* Begin PBXFrameworksBuildPhase section */
		56F6DAD81D7219EB0007E476 /* Frameworks */ = {
			isa = PBXFrameworksBuildPhase;
			buildActionMask = 2147483647;
			files = (
				56AA27851F7415A3004CC6D4 /* CoreData.framework in Frameworks */,
			);
			runOnlyForDeploymentPostprocessing = 0;
		};
		56FABCDB1EB74EC900FC871A /* Frameworks */ = {
			isa = PBXFrameworksBuildPhase;
			buildActionMask = 2147483647;
			files = (
			);
			runOnlyForDeploymentPostprocessing = 0;
		};
/* End PBXFrameworksBuildPhase section */

/* Begin PBXGroup section */
		5673A8521F72DE1500E8B73C /* Products */ = {
			isa = PBXGroup;
			children = (
				5673A8711F72DE1600E8B73C /* highscoreserver */,
				5673A8731F72DE1600E8B73C /* KituraStencil.framework */,
				5673A8751F72DE1600E8B73C /* Stencil.framework */,
				5673A8771F72DE1600E8B73C /* PathKit.framework */,
				5673A8791F72DE1600E8B73C /* Spectre.framework */,
				5673A87B1F72DE1600E8B73C /* HeliumLogger.framework */,
				5673A87D1F72DE1600E8B73C /* Kitura.framework */,
				5673A87F1F72DE1600E8B73C /* KituraTemplateEngine.framework */,
				5673A8811F72DE1600E8B73C /* SwiftyJSON.framework */,
				5673A8831F72DE1600E8B73C /* KituraNet.framework */,
				5673A8851F72DE1600E8B73C /* SSLService.framework */,
				5673A8871F72DE1600E8B73C /* Socket.framework */,
				5673A8891F72DE1600E8B73C /* LoggerAPI.framework */,
				5673A88B1F72DE1600E8B73C /* CHTTPParser.framework */,
			);
			name = Products;
			sourceTree = "<group>";
		};
		56AA27741F740AD6004CC6D4 /* TTTNotificationObserver */ = {
			isa = PBXGroup;
			children = (
				56AA27751F740AD6004CC6D4 /* TTTNotificationObserver.swift */,
			);
			path = TTTNotificationObserver;
			sourceTree = "<group>";
		};
		56AA277A1F7412A2004CC6D4 /* CoreData */ = {
			isa = PBXGroup;
			children = (
				56AA277E1F7412C6004CC6D4 /* TTTCoreDataStack.swift */,
				56AA277B1F7412A2004CC6D4 /* Model */,
			);
			path = CoreData;
			sourceTree = "<group>";
		};
		56AA277B1F7412A2004CC6D4 /* Model */ = {
			isa = PBXGroup;
			children = (
				56AA278E1F741908004CC6D4 /* TTTHighscore+CoreDataClass.swift */,
				56AA278F1F741908004CC6D4 /* TTTHighscore+CoreDataProperties.swift */,
			);
			path = Model;
			sourceTree = "<group>";
		};
		56AA27831F7415A3004CC6D4 /* Frameworks */ = {
			isa = PBXGroup;
			children = (
				56AA27841F7415A3004CC6D4 /* CoreData.framework */,
			);
			name = Frameworks;
			sourceTree = "<group>";
		};
		56F6DAD21D7219EB0007E476 = {
			isa = PBXGroup;
			children = (
				5673A8511F72DE1500E8B73C /* highscoreserver.xcodeproj */,
				56F6DADD1D7219EB0007E476 /* TicTacToe */,
				56FABCD31EB74EC900FC871A /* TicTacToeWatch */,
				56FABCE21EB74EC900FC871A /* TicTacToeWatch Extension */,
				56F6DADC1D7219EB0007E476 /* Products */,
				56AA27831F7415A3004CC6D4 /* Frameworks */,
			);
			sourceTree = "<group>";
		};
		56F6DADC1D7219EB0007E476 /* Products */ = {
			isa = PBXGroup;
			children = (
				56F6DADB1D7219EB0007E476 /* TicTacToe.app */,
				56FABCD21EB74EC800FC871A /* TicTacToeWatch.app */,
				56FABCDE1EB74EC900FC871A /* TicTacToeWatch Extension.appex */,
			);
			name = Products;
			sourceTree = "<group>";
		};
		56F6DADD1D7219EB0007E476 /* TicTacToe */ = {
			isa = PBXGroup;
			children = (
				56AA277A1F7412A2004CC6D4 /* CoreData */,
				56AA27771F741161004CC6D4 /* TicTacToe.xcdatamodeld */,
				56AA27741F740AD6004CC6D4 /* TTTNotificationObserver */,
				5673A8B31F73FD9100E8B73C /* TTTNetworkManager.swift */,
				5673A8B11F73FD5900E8B73C /* TTTBackendClient.swift */,
				56F6DADE1D7219EB0007E476 /* TTTAppDelegate.swift */,
				56F6DAE01D7219EB0007E476 /* TTTBoardController.swift */,
				56F6DAF01D721AA50007E476 /* TTTBoard.swift */,
				56F6DAF21D721B5B0007E476 /* TTTCell.swift */,
				56F6DAF41D7309D90007E476 /* TTTBoardConfig.swift */,
				56F6DAE21D7219EB0007E476 /* Main.storyboard */,
				56F6DAE51D7219EB0007E476 /* Assets.xcassets */,
				56F6DAEA1D7219EB0007E476 /* Info.plist */,
				56F6DB001D735DD00007E476 /* en.lproj */,
			);
			path = TicTacToe;
			sourceTree = "<group>";
		};
		56F6DB001D735DD00007E476 /* en.lproj */ = {
			isa = PBXGroup;
			children = (
				56F6DB011D735DD00007E476 /* Localizable.strings */,
			);
			name = en.lproj;
			path = Base.lproj/strings/en.lproj;
			sourceTree = "<group>";
		};
		56FABCD31EB74EC900FC871A /* TicTacToeWatch */ = {
			isa = PBXGroup;
			children = (
				56FABCD41EB74EC900FC871A /* Interface.storyboard */,
				56FABCD91EB74EC900FC871A /* Info.plist */,
			);
			path = TicTacToeWatch;
			sourceTree = "<group>";
		};
		56FABCE21EB74EC900FC871A /* TicTacToeWatch Extension */ = {
			isa = PBXGroup;
			children = (
				56FABCFD1EB7663900FC871A /* TTTWatchCell.swift */,
				56FABCFB1EB751E900FC871A /* TTTWatchBoard.swift */,
				56FABCE51EB74EC900FC871A /* TTTInterfaceController.swift */,
				56FABD011EB7A7FE00FC871A /* TTTGameOverController.swift */,
				56FABCE71EB74EC900FC871A /* TTTExtensionDelegate.swift */,
				56FABCE91EB74EC900FC871A /* TTTNotificationController.swift */,
				56FABCEB1EB74EC900FC871A /* Assets.xcassets */,
				56FABCED1EB74EC900FC871A /* Info.plist */,
				56FABCE31EB74EC900FC871A /* Supporting Files */,
			);
			path = "TicTacToeWatch Extension";
			sourceTree = "<group>";
		};
		56FABCE31EB74EC900FC871A /* Supporting Files */ = {
			isa = PBXGroup;
			children = (
				56FABCE41EB74EC900FC871A /* PushNotificationPayload.apns */,
			);
			name = "Supporting Files";
			sourceTree = "<group>";
		};
/* End PBXGroup section */

/* Begin PBXNativeTarget section */
		56F6DADA1D7219EB0007E476 /* TicTacToe */ = {
			isa = PBXNativeTarget;
			buildConfigurationList = 56F6DAED1D7219EB0007E476 /* Build configuration list for PBXNativeTarget "TicTacToe" */;
			buildPhases = (
				56F6DAD71D7219EB0007E476 /* Sources */,
				56F6DAD81D7219EB0007E476 /* Frameworks */,
				56F6DAD91D7219EB0007E476 /* Resources */,
				56FABCF81EB74EC900FC871A /* Embed Watch Content */,
			);
			buildRules = (
			);
			dependencies = (
				5673A8AE1F72DEB000E8B73C /* PBXTargetDependency */,
				56FABCEF1EB74EC900FC871A /* PBXTargetDependency */,
			);
			name = TicTacToe;
			productName = TicTacToe;
			productReference = 56F6DADB1D7219EB0007E476 /* TicTacToe.app */;
			productType = "com.apple.product-type.application";
		};
		56FABCD11EB74EC800FC871A /* TicTacToeWatch */ = {
			isa = PBXNativeTarget;
			buildConfigurationList = 56FABCF71EB74EC900FC871A /* Build configuration list for PBXNativeTarget "TicTacToeWatch" */;
			buildPhases = (
				56FABCD01EB74EC800FC871A /* Resources */,
				56FABCF61EB74EC900FC871A /* Embed App Extensions */,
			);
			buildRules = (
			);
			dependencies = (
				56FABCE11EB74EC900FC871A /* PBXTargetDependency */,
			);
			name = TicTacToeWatch;
			productName = TicTacToeWatch;
			productReference = 56FABCD21EB74EC800FC871A /* TicTacToeWatch.app */;
			productType = "com.apple.product-type.application.watchapp2";
		};
		56FABCDD1EB74EC900FC871A /* TicTacToeWatch Extension */ = {
			isa = PBXNativeTarget;
			buildConfigurationList = 56FABCF51EB74EC900FC871A /* Build configuration list for PBXNativeTarget "TicTacToeWatch Extension" */;
			buildPhases = (
				56FABCDA1EB74EC900FC871A /* Sources */,
				56FABCDB1EB74EC900FC871A /* Frameworks */,
				56FABCDC1EB74EC900FC871A /* Resources */,
			);
			buildRules = (
			);
			dependencies = (
			);
			name = "TicTacToeWatch Extension";
			productName = "TicTacToeWatch Extension";
			productReference = 56FABCDE1EB74EC900FC871A /* TicTacToeWatch Extension.appex */;
			productType = "com.apple.product-type.watchkit2-extension";
		};
/* End PBXNativeTarget section */

/* Begin PBXProject section */
		56F6DAD31D7219EB0007E476 /* Project object */ = {
			isa = PBXProject;
			attributes = {
				LastSwiftUpdateCheck = 0830;
				LastUpgradeCheck = 0900;
				ORGANIZATIONNAME = SAMedialabs;
				TargetAttributes = {
					56F6DADA1D7219EB0007E476 = {
						CreatedOnToolsVersion = 7.3;
						LastSwiftMigration = 0800;
					};
					56FABCD11EB74EC800FC871A = {
						CreatedOnToolsVersion = 8.3.2;
						ProvisioningStyle = Automatic;
					};
					56FABCDD1EB74EC900FC871A = {
						CreatedOnToolsVersion = 8.3.2;
						ProvisioningStyle = Automatic;
					};
				};
			};
			buildConfigurationList = 56F6DAD61D7219EB0007E476 /* Build configuration list for PBXProject "TicTacToe" */;
			compatibilityVersion = "Xcode 8.0";
			developmentRegion = English;
			hasScannedForEncodings = 0;
			knownRegions = (
				en,
				Base,
			);
			mainGroup = 56F6DAD21D7219EB0007E476;
			productRefGroup = 56F6DADC1D7219EB0007E476 /* Products */;
			projectDirPath = "";
			projectReferences = (
				{
					ProductGroup = 5673A8521F72DE1500E8B73C /* Products */;
					ProjectRef = 5673A8511F72DE1500E8B73C /* highscoreserver.xcodeproj */;
				},
			);
			projectRoot = "";
			targets = (
				56F6DADA1D7219EB0007E476 /* TicTacToe */,
				56FABCD11EB74EC800FC871A /* TicTacToeWatch */,
				56FABCDD1EB74EC900FC871A /* TicTacToeWatch Extension */,
			);
		};
/* End PBXProject section */

/* Begin PBXReferenceProxy section */
		5673A8711F72DE1600E8B73C /* highscoreserver */ = {
			isa = PBXReferenceProxy;
			fileType = text;
			path = highscoreserver;
			remoteRef = 5673A8701F72DE1600E8B73C /* PBXContainerItemProxy */;
			sourceTree = BUILT_PRODUCTS_DIR;
		};
		5673A8731F72DE1600E8B73C /* KituraStencil.framework */ = {
			isa = PBXReferenceProxy;
			fileType = wrapper.framework;
			path = KituraStencil.framework;
			remoteRef = 5673A8721F72DE1600E8B73C /* PBXContainerItemProxy */;
			sourceTree = BUILT_PRODUCTS_DIR;
		};
		5673A8751F72DE1600E8B73C /* Stencil.framework */ = {
			isa = PBXReferenceProxy;
			fileType = wrapper.framework;
			path = Stencil.framework;
			remoteRef = 5673A8741F72DE1600E8B73C /* PBXContainerItemProxy */;
			sourceTree = BUILT_PRODUCTS_DIR;
		};
		5673A8771F72DE1600E8B73C /* PathKit.framework */ = {
			isa = PBXReferenceProxy;
			fileType = wrapper.framework;
			path = PathKit.framework;
			remoteRef = 5673A8761F72DE1600E8B73C /* PBXContainerItemProxy */;
			sourceTree = BUILT_PRODUCTS_DIR;
		};
		5673A8791F72DE1600E8B73C /* Spectre.framework */ = {
			isa = PBXReferenceProxy;
			fileType = wrapper.framework;
			path = Spectre.framework;
			remoteRef = 5673A8781F72DE1600E8B73C /* PBXContainerItemProxy */;
			sourceTree = BUILT_PRODUCTS_DIR;
		};
		5673A87B1F72DE1600E8B73C /* HeliumLogger.framework */ = {
			isa = PBXReferenceProxy;
			fileType = wrapper.framework;
			path = HeliumLogger.framework;
			remoteRef = 5673A87A1F72DE1600E8B73C /* PBXContainerItemProxy */;
			sourceTree = BUILT_PRODUCTS_DIR;
		};
		5673A87D1F72DE1600E8B73C /* Kitura.framework */ = {
			isa = PBXReferenceProxy;
			fileType = wrapper.framework;
			path = Kitura.framework;
			remoteRef = 5673A87C1F72DE1600E8B73C /* PBXContainerItemProxy */;
			sourceTree = BUILT_PRODUCTS_DIR;
		};
		5673A87F1F72DE1600E8B73C /* KituraTemplateEngine.framework */ = {
			isa = PBXReferenceProxy;
			fileType = wrapper.framework;
			path = KituraTemplateEngine.framework;
			remoteRef = 5673A87E1F72DE1600E8B73C /* PBXContainerItemProxy */;
			sourceTree = BUILT_PRODUCTS_DIR;
		};
		5673A8811F72DE1600E8B73C /* SwiftyJSON.framework */ = {
			isa = PBXReferenceProxy;
			fileType = wrapper.framework;
			path = SwiftyJSON.framework;
			remoteRef = 5673A8801F72DE1600E8B73C /* PBXContainerItemProxy */;
			sourceTree = BUILT_PRODUCTS_DIR;
		};
		5673A8831F72DE1600E8B73C /* KituraNet.framework */ = {
			isa = PBXReferenceProxy;
			fileType = wrapper.framework;
			path = KituraNet.framework;
			remoteRef = 5673A8821F72DE1600E8B73C /* PBXContainerItemProxy */;
			sourceTree = BUILT_PRODUCTS_DIR;
		};
		5673A8851F72DE1600E8B73C /* SSLService.framework */ = {
			isa = PBXReferenceProxy;
			fileType = wrapper.framework;
			path = SSLService.framework;
			remoteRef = 5673A8841F72DE1600E8B73C /* PBXContainerItemProxy */;
			sourceTree = BUILT_PRODUCTS_DIR;
		};
		5673A8871F72DE1600E8B73C /* Socket.framework */ = {
			isa = PBXReferenceProxy;
			fileType = wrapper.framework;
			path = Socket.framework;
			remoteRef = 5673A8861F72DE1600E8B73C /* PBXContainerItemProxy */;
			sourceTree = BUILT_PRODUCTS_DIR;
		};
		5673A8891F72DE1600E8B73C /* LoggerAPI.framework */ = {
			isa = PBXReferenceProxy;
			fileType = wrapper.framework;
			path = LoggerAPI.framework;
			remoteRef = 5673A8881F72DE1600E8B73C /* PBXContainerItemProxy */;
			sourceTree = BUILT_PRODUCTS_DIR;
		};
		5673A88B1F72DE1600E8B73C /* CHTTPParser.framework */ = {
			isa = PBXReferenceProxy;
			fileType = wrapper.framework;
			path = CHTTPParser.framework;
			remoteRef = 5673A88A1F72DE1600E8B73C /* PBXContainerItemProxy */;
			sourceTree = BUILT_PRODUCTS_DIR;
		};
/* End PBXReferenceProxy section */

/* Begin PBXResourcesBuildPhase section */
		56F6DAD91D7219EB0007E476 /* Resources */ = {
			isa = PBXResourcesBuildPhase;
			buildActionMask = 2147483647;
			files = (
				56F6DB031D735DD00007E476 /* Localizable.strings in Resources */,
				569744D11F72DCB10001E7BA /* Assets.xcassets in Resources */,
				56F6DAE41D7219EB0007E476 /* Main.storyboard in Resources */,
			);
			runOnlyForDeploymentPostprocessing = 0;
		};
		56FABCD01EB74EC800FC871A /* Resources */ = {
			isa = PBXResourcesBuildPhase;
			buildActionMask = 2147483647;
			files = (
				56FABCD61EB74EC900FC871A /* Interface.storyboard in Resources */,
			);
			runOnlyForDeploymentPostprocessing = 0;
		};
		56FABCDC1EB74EC900FC871A /* Resources */ = {
			isa = PBXResourcesBuildPhase;
			buildActionMask = 2147483647;
			files = (
				56FABCFF1EB7A43A00FC871A /* Assets.xcassets in Resources */,
				56FABCEC1EB74EC900FC871A /* Assets.xcassets in Resources */,
			);
			runOnlyForDeploymentPostprocessing = 0;
		};
/* End PBXResourcesBuildPhase section */

/* Begin PBXSourcesBuildPhase section */
		56F6DAD71D7219EB0007E476 /* Sources */ = {
			isa = PBXSourcesBuildPhase;
			buildActionMask = 2147483647;
			files = (
				56F6DAF31D721B5B0007E476 /* TTTCell.swift in Sources */,
				56F6DAF51D7309D90007E476 /* TTTBoardConfig.swift in Sources */,
				56AA27761F740B40004CC6D4 /* TTTNotificationObserver.swift in Sources */,
				56F6DAF11D721AA50007E476 /* TTTBoard.swift in Sources */,
				56F6DAE11D7219EB0007E476 /* TTTBoardController.swift in Sources */,
				56AA27541F7403DF004CC6D4 /* TTTNetworkManager.swift in Sources */,
				56AA27811F74135D004CC6D4 /* TTTCoreDataStack.swift in Sources */,
				5673A8B21F73FD5900E8B73C /* TTTBackendClient.swift in Sources */,
				56AA27791F741161004CC6D4 /* TicTacToe.xcdatamodeld in Sources */,
				56F6DADF1D7219EB0007E476 /* TTTAppDelegate.swift in Sources */,
				56AA27901F741908004CC6D4 /* TTTHighscore+CoreDataClass.swift in Sources */,
				56AA27911F741908004CC6D4 /* TTTHighscore+CoreDataProperties.swift in Sources */,
			);
			runOnlyForDeploymentPostprocessing = 0;
		};
		56FABCDA1EB74EC900FC871A /* Sources */ = {
			isa = PBXSourcesBuildPhase;
			buildActionMask = 2147483647;
			files = (
				56FABCEA1EB74EC900FC871A /* TTTNotificationController.swift in Sources */,
				56FABCFA1EB74F4700FC871A /* TTTBoardConfig.swift in Sources */,
				56FABCFE1EB7663900FC871A /* TTTWatchCell.swift in Sources */,
				56FABCE81EB74EC900FC871A /* TTTExtensionDelegate.swift in Sources */,
				56FABCE61EB74EC900FC871A /* TTTInterfaceController.swift in Sources */,
				56FABD021EB7A7FE00FC871A /* TTTGameOverController.swift in Sources */,
				56FABCFC1EB751E900FC871A /* TTTWatchBoard.swift in Sources */,
			);
			runOnlyForDeploymentPostprocessing = 0;
		};
/* End PBXSourcesBuildPhase section */

/* Begin PBXTargetDependency section */
		5673A8AE1F72DEB000E8B73C /* PBXTargetDependency */ = {
			isa = PBXTargetDependency;
			name = highscoreserver;
			targetProxy = 5673A8AD1F72DEB000E8B73C /* PBXContainerItemProxy */;
		};
		56FABCE11EB74EC900FC871A /* PBXTargetDependency */ = {
			isa = PBXTargetDependency;
			target = 56FABCDD1EB74EC900FC871A /* TicTacToeWatch Extension */;
			targetProxy = 56FABCE01EB74EC900FC871A /* PBXContainerItemProxy */;
		};
		56FABCEF1EB74EC900FC871A /* PBXTargetDependency */ = {
			isa = PBXTargetDependency;
			target = 56FABCD11EB74EC800FC871A /* TicTacToeWatch */;
			targetProxy = 56FABCEE1EB74EC900FC871A /* PBXContainerItemProxy */;
		};
/* End PBXTargetDependency section */

/* Begin PBXVariantGroup section */
		56F6DAE21D7219EB0007E476 /* Main.storyboard */ = {
			isa = PBXVariantGroup;
			children = (
				56F6DAE31D7219EB0007E476 /* Base */,
			);
			name = Main.storyboard;
			sourceTree = "<group>";
		};
		56F6DB011D735DD00007E476 /* Localizable.strings */ = {
			isa = PBXVariantGroup;
			children = (
				56F6DB021D735DD00007E476 /* en */,
			);
			name = Localizable.strings;
			sourceTree = "<group>";
		};
		56FABCD41EB74EC900FC871A /* Interface.storyboard */ = {
			isa = PBXVariantGroup;
			children = (
				56FABCD51EB74EC900FC871A /* Base */,
			);
			name = Interface.storyboard;
			sourceTree = "<group>";
		};
/* End PBXVariantGroup section */

/* Begin XCBuildConfiguration section */
		56F6DAEB1D7219EB0007E476 /* Debug */ = {
			isa = XCBuildConfiguration;
			buildSettings = {
				ALWAYS_SEARCH_USER_PATHS = NO;
				CLANG_ANALYZER_NONNULL = YES;
				CLANG_CXX_LANGUAGE_STANDARD = "gnu++0x";
				CLANG_CXX_LIBRARY = "libc++";
				CLANG_ENABLE_MODULES = YES;
				CLANG_ENABLE_OBJC_ARC = YES;
				CLANG_WARN_BLOCK_CAPTURE_AUTORELEASING = YES;
				CLANG_WARN_BOOL_CONVERSION = YES;
				CLANG_WARN_COMMA = YES;
				CLANG_WARN_CONSTANT_CONVERSION = YES;
				CLANG_WARN_DIRECT_OBJC_ISA_USAGE = YES_ERROR;
				CLANG_WARN_EMPTY_BODY = YES;
				CLANG_WARN_ENUM_CONVERSION = YES;
				CLANG_WARN_INFINITE_RECURSION = YES;
				CLANG_WARN_INT_CONVERSION = YES;
				CLANG_WARN_NON_LITERAL_NULL_CONVERSION = YES;
				CLANG_WARN_OBJC_LITERAL_CONVERSION = YES;
				CLANG_WARN_OBJC_ROOT_CLASS = YES_ERROR;
				CLANG_WARN_RANGE_LOOP_ANALYSIS = YES;
				CLANG_WARN_STRICT_PROTOTYPES = YES;
				CLANG_WARN_SUSPICIOUS_MOVE = YES;
				CLANG_WARN_UNREACHABLE_CODE = YES;
				CLANG_WARN__DUPLICATE_METHOD_MATCH = YES;
				"CODE_SIGN_IDENTITY[sdk=iphoneos*]" = "iPhone Developer";
				COPY_PHASE_STRIP = NO;
				DEBUG_INFORMATION_FORMAT = dwarf;
				ENABLE_STRICT_OBJC_MSGSEND = YES;
				ENABLE_TESTABILITY = YES;
				GCC_C_LANGUAGE_STANDARD = gnu99;
				GCC_DYNAMIC_NO_PIC = NO;
				GCC_NO_COMMON_BLOCKS = YES;
				GCC_OPTIMIZATION_LEVEL = 0;
				GCC_PREPROCESSOR_DEFINITIONS = (
					"DEBUG=1",
					"$(inherited)",
				);
				GCC_WARN_64_TO_32_BIT_CONVERSION = YES;
				GCC_WARN_ABOUT_RETURN_TYPE = YES_ERROR;
				GCC_WARN_UNDECLARED_SELECTOR = YES;
				GCC_WARN_UNINITIALIZED_AUTOS = YES_AGGRESSIVE;
				GCC_WARN_UNUSED_FUNCTION = YES;
				GCC_WARN_UNUSED_VARIABLE = YES;
				IPHONEOS_DEPLOYMENT_TARGET = 9.3;
				MTL_ENABLE_DEBUG_INFO = YES;
				ONLY_ACTIVE_ARCH = YES;
				SDKROOT = iphoneos;
				SWIFT_OPTIMIZATION_LEVEL = "-Onone";
			};
			name = Debug;
		};
		56F6DAEC1D7219EB0007E476 /* Release */ = {
			isa = XCBuildConfiguration;
			buildSettings = {
				ALWAYS_SEARCH_USER_PATHS = NO;
				CLANG_ANALYZER_NONNULL = YES;
				CLANG_CXX_LANGUAGE_STANDARD = "gnu++0x";
				CLANG_CXX_LIBRARY = "libc++";
				CLANG_ENABLE_MODULES = YES;
				CLANG_ENABLE_OBJC_ARC = YES;
				CLANG_WARN_BLOCK_CAPTURE_AUTORELEASING = YES;
				CLANG_WARN_BOOL_CONVERSION = YES;
				CLANG_WARN_COMMA = YES;
				CLANG_WARN_CONSTANT_CONVERSION = YES;
				CLANG_WARN_DIRECT_OBJC_ISA_USAGE = YES_ERROR;
				CLANG_WARN_EMPTY_BODY = YES;
				CLANG_WARN_ENUM_CONVERSION = YES;
				CLANG_WARN_INFINITE_RECURSION = YES;
				CLANG_WARN_INT_CONVERSION = YES;
				CLANG_WARN_NON_LITERAL_NULL_CONVERSION = YES;
				CLANG_WARN_OBJC_LITERAL_CONVERSION = YES;
				CLANG_WARN_OBJC_ROOT_CLASS = YES_ERROR;
				CLANG_WARN_RANGE_LOOP_ANALYSIS = YES;
				CLANG_WARN_STRICT_PROTOTYPES = YES;
				CLANG_WARN_SUSPICIOUS_MOVE = YES;
				CLANG_WARN_UNREACHABLE_CODE = YES;
				CLANG_WARN__DUPLICATE_METHOD_MATCH = YES;
				"CODE_SIGN_IDENTITY[sdk=iphoneos*]" = "iPhone Developer";
				COPY_PHASE_STRIP = NO;
				DEBUG_INFORMATION_FORMAT = "dwarf-with-dsym";
				ENABLE_NS_ASSERTIONS = NO;
				ENABLE_STRICT_OBJC_MSGSEND = YES;
				GCC_C_LANGUAGE_STANDARD = gnu99;
				GCC_NO_COMMON_BLOCKS = YES;
				GCC_WARN_64_TO_32_BIT_CONVERSION = YES;
				GCC_WARN_ABOUT_RETURN_TYPE = YES_ERROR;
				GCC_WARN_UNDECLARED_SELECTOR = YES;
				GCC_WARN_UNINITIALIZED_AUTOS = YES_AGGRESSIVE;
				GCC_WARN_UNUSED_FUNCTION = YES;
				GCC_WARN_UNUSED_VARIABLE = YES;
				IPHONEOS_DEPLOYMENT_TARGET = 9.3;
				MTL_ENABLE_DEBUG_INFO = NO;
				SDKROOT = iphoneos;
				VALIDATE_PRODUCT = YES;
			};
			name = Release;
		};
		56F6DAEE1D7219EB0007E476 /* Debug */ = {
			isa = XCBuildConfiguration;
			buildSettings = {
				ASSETCATALOG_COMPILER_APPICON_NAME = AppIcon;
				DEVELOPMENT_TEAM = RF4LJPC23U;
				INFOPLIST_FILE = TicTacToe/Info.plist;
				IPHONEOS_DEPLOYMENT_TARGET = 11.0;
				LD_RUNPATH_SEARCH_PATHS = "$(inherited) @executable_path/Frameworks";
				PRODUCT_BUNDLE_IDENTIFIER = com.samedialabs.TicTacToe;
				PRODUCT_NAME = "$(TARGET_NAME)";
				SWIFT_VERSION = 4.0;
			};
			name = Debug;
		};
		56F6DAEF1D7219EB0007E476 /* Release */ = {
			isa = XCBuildConfiguration;
			buildSettings = {
				ASSETCATALOG_COMPILER_APPICON_NAME = AppIcon;
				DEVELOPMENT_TEAM = RF4LJPC23U;
				INFOPLIST_FILE = TicTacToe/Info.plist;
				IPHONEOS_DEPLOYMENT_TARGET = 11.0;
				LD_RUNPATH_SEARCH_PATHS = "$(inherited) @executable_path/Frameworks";
				PRODUCT_BUNDLE_IDENTIFIER = com.samedialabs.TicTacToe;
				PRODUCT_NAME = "$(TARGET_NAME)";
				SWIFT_OPTIMIZATION_LEVEL = "-Owholemodule";
				SWIFT_VERSION = 4.0;
			};
			name = Release;
		};
		56FABCF11EB74EC900FC871A /* Debug */ = {
			isa = XCBuildConfiguration;
			buildSettings = {
				ALWAYS_EMBED_SWIFT_STANDARD_LIBRARIES = YES;
				ASSETCATALOG_COMPILER_APPICON_NAME = AppIcon;
				CLANG_ANALYZER_NUMBER_OBJECT_CONVERSION = YES_AGGRESSIVE;
				CLANG_WARN_DOCUMENTATION_COMMENTS = YES;
				DEVELOPMENT_TEAM = RF4LJPC23U;
				IBSC_MODULE = TicTacToeWatch_Extension;
				INFOPLIST_FILE = TicTacToeWatch/Info.plist;
				PRODUCT_BUNDLE_IDENTIFIER = com.samedialabs.TicTacToe.watchkitapp;
				PRODUCT_NAME = "$(TARGET_NAME)";
				SDKROOT = watchos;
				SKIP_INSTALL = YES;
				SWIFT_ACTIVE_COMPILATION_CONDITIONS = DEBUG;
				SWIFT_VERSION = 4.0;
				TARGETED_DEVICE_FAMILY = 4;
				WATCHOS_DEPLOYMENT_TARGET = 4.0;
			};
			name = Debug;
		};
		56FABCF21EB74EC900FC871A /* Release */ = {
			isa = XCBuildConfiguration;
			buildSettings = {
				ALWAYS_EMBED_SWIFT_STANDARD_LIBRARIES = YES;
				ASSETCATALOG_COMPILER_APPICON_NAME = AppIcon;
				CLANG_ANALYZER_NUMBER_OBJECT_CONVERSION = YES_AGGRESSIVE;
				CLANG_WARN_DOCUMENTATION_COMMENTS = YES;
				DEVELOPMENT_TEAM = RF4LJPC23U;
				IBSC_MODULE = TicTacToeWatch_Extension;
				INFOPLIST_FILE = TicTacToeWatch/Info.plist;
				PRODUCT_BUNDLE_IDENTIFIER = com.samedialabs.TicTacToe.watchkitapp;
				PRODUCT_NAME = "$(TARGET_NAME)";
				SDKROOT = watchos;
				SKIP_INSTALL = YES;
				SWIFT_OPTIMIZATION_LEVEL = "-Owholemodule";
				SWIFT_VERSION = 4.0;
				TARGETED_DEVICE_FAMILY = 4;
				WATCHOS_DEPLOYMENT_TARGET = 4.0;
			};
			name = Release;
		};
		56FABCF31EB74EC900FC871A /* Debug */ = {
			isa = XCBuildConfiguration;
			buildSettings = {
				ASSETCATALOG_COMPILER_COMPLICATION_NAME = Complication;
				CLANG_ANALYZER_NUMBER_OBJECT_CONVERSION = YES_AGGRESSIVE;
				CLANG_WARN_DOCUMENTATION_COMMENTS = YES;
				"CODE_SIGN_IDENTITY[sdk=watchos*]" = "iPhone Developer";
				CODE_SIGN_STYLE = Automatic;
				DEVELOPMENT_TEAM = RF4LJPC23U;
				INFOPLIST_FILE = "TicTacToeWatch Extension/Info.plist";
				LD_RUNPATH_SEARCH_PATHS = "$(inherited) @executable_path/Frameworks @executable_path/../../Frameworks";
				PRODUCT_BUNDLE_IDENTIFIER = com.samedialabs.TicTacToe.watchkitapp.watchkitextension;
				PRODUCT_NAME = "${TARGET_NAME}";
				PROVISIONING_PROFILE = "";
				PROVISIONING_PROFILE_SPECIFIER = "";
				SDKROOT = watchos;
				SKIP_INSTALL = YES;
				SWIFT_ACTIVE_COMPILATION_CONDITIONS = DEBUG;
				SWIFT_VERSION = 4.0;
				TARGETED_DEVICE_FAMILY = 4;
				WATCHOS_DEPLOYMENT_TARGET = 4.0;
			};
			name = Debug;
		};
		56FABCF41EB74EC900FC871A /* Release */ = {
			isa = XCBuildConfiguration;
			buildSettings = {
				ASSETCATALOG_COMPILER_COMPLICATION_NAME = Complication;
				CLANG_ANALYZER_NUMBER_OBJECT_CONVERSION = YES_AGGRESSIVE;
				CLANG_WARN_DOCUMENTATION_COMMENTS = YES;
				"CODE_SIGN_IDENTITY[sdk=watchos*]" = "iPhone Developer";
				CODE_SIGN_STYLE = Automatic;
				DEVELOPMENT_TEAM = RF4LJPC23U;
				INFOPLIST_FILE = "TicTacToeWatch Extension/Info.plist";
				LD_RUNPATH_SEARCH_PATHS = "$(inherited) @executable_path/Frameworks @executable_path/../../Frameworks";
				PRODUCT_BUNDLE_IDENTIFIER = com.samedialabs.TicTacToe.watchkitapp.watchkitextension;
				PRODUCT_NAME = "${TARGET_NAME}";
				PROVISIONING_PROFILE = "";
				PROVISIONING_PROFILE_SPECIFIER = "";
				SDKROOT = watchos;
				SKIP_INSTALL = YES;
				SWIFT_OPTIMIZATION_LEVEL = "-Owholemodule";
				SWIFT_VERSION = 4.0;
				TARGETED_DEVICE_FAMILY = 4;
				WATCHOS_DEPLOYMENT_TARGET = 4.0;
			};
			name = Release;
		};
/* End XCBuildConfiguration section */

/* Begin XCConfigurationList section */
		56F6DAD61D7219EB0007E476 /* Build configuration list for PBXProject "TicTacToe" */ = {
			isa = XCConfigurationList;
			buildConfigurations = (
				56F6DAEB1D7219EB0007E476 /* Debug */,
				56F6DAEC1D7219EB0007E476 /* Release */,
			);
			defaultConfigurationIsVisible = 0;
			defaultConfigurationName = Release;
		};
		56F6DAED1D7219EB0007E476 /* Build configuration list for PBXNativeTarget "TicTacToe" */ = {
			isa = XCConfigurationList;
			buildConfigurations = (
				56F6DAEE1D7219EB0007E476 /* Debug */,
				56F6DAEF1D7219EB0007E476 /* Release */,
			);
			defaultConfigurationIsVisible = 0;
			defaultConfigurationName = Release;
		};
		56FABCF51EB74EC900FC871A /* Build configuration list for PBXNativeTarget "TicTacToeWatch Extension" */ = {
			isa = XCConfigurationList;
			buildConfigurations = (
				56FABCF31EB74EC900FC871A /* Debug */,
				56FABCF41EB74EC900FC871A /* Release */,
			);
			defaultConfigurationIsVisible = 0;
			defaultConfigurationName = Release;
		};
		56FABCF71EB74EC900FC871A /* Build configuration list for PBXNativeTarget "TicTacToeWatch" */ = {
			isa = XCConfigurationList;
			buildConfigurations = (
				56FABCF11EB74EC900FC871A /* Debug */,
				56FABCF21EB74EC900FC871A /* Release */,
			);
			defaultConfigurationIsVisible = 0;
			defaultConfigurationName = Release;
		};
/* End XCConfigurationList section */

/* Begin XCVersionGroup section */
		56AA27771F741161004CC6D4 /* TicTacToe.xcdatamodeld */ = {
			isa = XCVersionGroup;
			children = (
				56AA27781F741161004CC6D4 /* TicTacToe.xcdatamodel */,
			);
			currentVersion = 56AA27781F741161004CC6D4 /* TicTacToe.xcdatamodel */;
			path = TicTacToe.xcdatamodeld;
			sourceTree = "<group>";
			versionGroupType = wrapper.xcdatamodel;
		};
/* End XCVersionGroup section */
	};
	rootObject = 56F6DAD31D7219EB0007E476 /* Project object */;
}
